
Microsoft Visual Studio Solution File, Format Version 12.00
# Visual Studio Version 17
VisualStudioVersion = 17.2.32630.192
MinimumVisualStudioVersion = 10.0.40219.1
Project("{8BC9CEB8-8B4A-11D0-8D11-00A0C91BC942}") = "PCL_WRAPPER", "PCL_WRAPPER\PCL_WRAPPER.vcxproj", "{2EE63D69-1AEC-43C9-A2D3-5588E28EE922}"
EndProject
Project("{FAE04EC0-301F-11D3-BF4B-00C04F79EFBC}") = "Sandbox", "Sandbox\Sandbox.csproj", "{94436677-7BA5-4659-9904-6AE2D7748667}"
EndProject
Project("{8BC9CEB8-8B4A-11D0-8D11-00A0C91BC942}") = "PCL_CORE", "Pcl_CORE\Pcl_Core.vcxproj", "{8C9DF3DA-D935-46A6-8741-4A16E3F6AE93}"
EndProject
Global
	GlobalSection(SolutionConfigurationPlatforms) = preSolution
		Debug|Any CPU = Debug|Any CPU
		Debug|x64 = Debug|x64
		Debug|x86 = Debug|x86
		Release|Any CPU = Release|Any CPU
		Release|x64 = Release|x64
		Release|x86 = Release|x86
	EndGlobalSection
	GlobalSection(ProjectConfigurationPlatforms) = postSolution
		{2EE63D69-1AEC-43C9-A2D3-5588E28EE922}.Debug|Any CPU.ActiveCfg = Debug|x64
		{2EE63D69-1AEC-43C9-A2D3-5588E28EE922}.Debug|Any CPU.Build.0 = Debug|x64
		{2EE63D69-1AEC-43C9-A2D3-5588E28EE922}.Debug|x64.ActiveCfg = Debug|x64
		{2EE63D69-1AEC-43C9-A2D3-5588E28EE922}.Debug|x64.Build.0 = Debug|x64
		{2EE63D69-1AEC-43C9-A2D3-5588E28EE922}.Debug|x86.ActiveCfg = Debug|Win32
		{2EE63D69-1AEC-43C9-A2D3-5588E28EE922}.Debug|x86.Build.0 = Debug|Win32
		{2EE63D69-1AEC-43C9-A2D3-5588E28EE922}.Release|Any CPU.ActiveCfg = Release|x64
		{2EE63D69-1AEC-43C9-A2D3-5588E28EE922}.Release|Any CPU.Build.0 = Release|x64
		{2EE63D69-1AEC-43C9-A2D3-5588E28EE922}.Release|x64.ActiveCfg = Release|x64
		{2EE63D69-1AEC-43C9-A2D3-5588E28EE922}.Release|x64.Build.0 = Release|x64
		{2EE63D69-1AEC-43C9-A2D3-5588E28EE922}.Release|x86.ActiveCfg = Release|Win32
		{2EE63D69-1AEC-43C9-A2D3-5588E28EE922}.Release|x86.Build.0 = Release|Win32
		{94436677-7BA5-4659-9904-6AE2D7748667}.Debug|Any CPU.ActiveCfg = Debug|Any CPU
		{94436677-7BA5-4659-9904-6AE2D7748667}.Debug|Any CPU.Build.0 = Debug|Any CPU
		{94436677-7BA5-4659-9904-6AE2D7748667}.Debug|x64.ActiveCfg = Debug|x64
		{94436677-7BA5-4659-9904-6AE2D7748667}.Debug|x64.Build.0 = Debug|x64
		{94436677-7BA5-4659-9904-6AE2D7748667}.Debug|x86.ActiveCfg = Debug|Any CPU
		{94436677-7BA5-4659-9904-6AE2D7748667}.Debug|x86.Build.0 = Debug|Any CPU
		{94436677-7BA5-4659-9904-6AE2D7748667}.Release|Any CPU.ActiveCfg = Release|Any CPU
		{94436677-7BA5-4659-9904-6AE2D7748667}.Release|Any CPU.Build.0 = Release|Any CPU
		{94436677-7BA5-4659-9904-6AE2D7748667}.Release|x64.ActiveCfg = Release|Any CPU
		{94436677-7BA5-4659-9904-6AE2D7748667}.Release|x64.Build.0 = Release|Any CPU
		{94436677-7BA5-4659-9904-6AE2D7748667}.Release|x86.ActiveCfg = Release|Any CPU
		{94436677-7BA5-4659-9904-6AE2D7748667}.Release|x86.Build.0 = Release|Any CPU
		{8C9DF3DA-D935-46A6-8741-4A16E3F6AE93}.Debug|Any CPU.ActiveCfg = Debug|x64
		{8C9DF3DA-D935-46A6-8741-4A16E3F6AE93}.Debug|Any CPU.Build.0 = Debug|x64
		{8C9DF3DA-D935-46A6-8741-4A16E3F6AE93}.Debug|x64.ActiveCfg = Debug|x64
		{8C9DF3DA-D935-46A6-8741-4A16E3F6AE93}.Debug|x64.Build.0 = Debug|x64
		{8C9DF3DA-D935-46A6-8741-4A16E3F6AE93}.Debug|x86.ActiveCfg = Debug|Win32
		{8C9DF3DA-D935-46A6-8741-4A16E3F6AE93}.Debug|x86.Build.0 = Debug|Win32
		{8C9DF3DA-D935-46A6-8741-4A16E3F6AE93}.Release|Any CPU.ActiveCfg = Release|x64
		{8C9DF3DA-D935-46A6-8741-4A16E3F6AE93}.Release|Any CPU.Build.0 = Release|x64
		{8C9DF3DA-D935-46A6-8741-4A16E3F6AE93}.Release|x64.ActiveCfg = Release|x64
		{8C9DF3DA-D935-46A6-8741-4A16E3F6AE93}.Release|x64.Build.0 = Release|x64
		{8C9DF3DA-D935-46A6-8741-4A16E3F6AE93}.Release|x86.ActiveCfg = Release|Win32
		{8C9DF3DA-D935-46A6-8741-4A16E3F6AE93}.Release|x86.Build.0 = Release|Win32
	EndGlobalSection
	GlobalSection(SolutionProperties) = preSolution
		HideSolutionNode = FALSE
	EndGlobalSection
	GlobalSection(ExtensibilityGlobals) = postSolution
		SolutionGuid = {E3AEFE8F-06DB-454C-8A75-6DCD88B39723}
	EndGlobalSection
EndGlobal
